
Microsoft Visual Studio Solution File, Format Version 12.00
# Visual Studio Version 16
VisualStudioVersion = 16.0.30717.126
MinimumVisualStudioVersion = 10.0.40219.1
Project("{FAE04EC0-301F-11D3-BF4B-00C04F79EFBC}") = "Excel_App", "Excel_App\Excel_App.csproj", "{1F5F4BA1-B581-45C5-AE57-272525891333}"
EndProject
Global
	GlobalSection(SolutionConfigurationPlatforms) = preSolution
		Debug|Any CPU = Debug|Any CPU
		Release|Any CPU = Release|Any CPU
	EndGlobalSection
	GlobalSection(ProjectConfigurationPlatforms) = postSolution
		{1F5F4BA1-B581-45C5-AE57-272525891333}.Debug|Any CPU.ActiveCfg = Debug|Any CPU
		{1F5F4BA1-B581-45C5-AE57-272525891333}.Debug|Any CPU.Build.0 = Debug|Any CPU
		{1F5F4BA1-B581-45C5-AE57-272525891333}.Release|Any CPU.ActiveCfg = Release|Any CPU
		{1F5F4BA1-B581-45C5-AE57-272525891333}.Release|Any CPU.Build.0 = Release|Any CPU
	EndGlobalSection
	GlobalSection(SolutionProperties) = preSolution
		HideSolutionNode = FALSE
	EndGlobalSection
	GlobalSection(ExtensibilityGlobals) = postSolution
		SolutionGuid = {B0831B70-958B-4FA2-BCB2-46F2F05DD9EA}
	EndGlobalSection
EndGlobal
